
Microsoft Visual Studio Solution File, Format Version 12.00
# Visual Studio Version 17
VisualStudioVersion = 17.13.35931.197 d17.13
MinimumVisualStudioVersion = 10.0.40219.1
Project("{FAE04EC0-301F-11D3-BF4B-00C04F79EFBC}") = "ConsoleGPSApp", "ConsoleGPSApp\ConsoleGPSApp.csproj", "{58543275-5F52-478B-9FFF-B4708DA080FB}"
EndProject
Global
	GlobalSection(SolutionConfigurationPlatforms) = preSolution
		Debug|Any CPU = Debug|Any CPU
		Release|Any CPU = Release|Any CPU
	EndGlobalSection
	GlobalSection(ProjectConfigurationPlatforms) = postSolution
		{58543275-5F52-478B-9FFF-B4708DA080FB}.Debug|Any CPU.ActiveCfg = Debug|Any CPU
		{58543275-5F52-478B-9FFF-B4708DA080FB}.Debug|Any CPU.Build.0 = Debug|Any CPU
		{58543275-5F52-478B-9FFF-B4708DA080FB}.Release|Any CPU.ActiveCfg = Release|Any CPU
		{58543275-5F52-478B-9FFF-B4708DA080FB}.Release|Any CPU.Build.0 = Release|Any CPU
	EndGlobalSection
	GlobalSection(SolutionProperties) = preSolution
		HideSolutionNode = FALSE
	EndGlobalSection
	GlobalSection(ExtensibilityGlobals) = postSolution
		SolutionGuid = {851B0FA4-F119-4F4D-858D-AF6405FB1B18}
	EndGlobalSection
EndGlobal
